{
  "name": "addon",
  "version": "1.0.0",
  "lockfileVersion": 2,
  "requires": true,
  "packages": {
    "": {
      "name": "addon",
      "version": "1.0.0",
      "license": "ISC",
      "dependencies": {
        "node-addon-api": "^4.2.0"
      }
    },
    "node_modules/node-addon-api": {
      "version": "4.2.0",
      "license": "MIT"
    }
  },
  "dependencies": {
    "node-addon-api": {
      "version": "4.2.0"
    }
  }
}
